// !$*UTF8*$!
{
	archiveVersion = 1;
	classes = {
	};
	objectVersion = 56;
	objects = {

/* Begin PBXBuildFile section */
		A101 /* HolovakApp.swift in Sources */ = {isa = PBXBuildFile; fileRef = A001 /* HolovakApp.swift */; };
		A102 /* ContentView.swift in Sources */ = {isa = PBXBuildFile; fileRef = A002 /* ContentView.swift */; };
		A103 /* Segment.swift in Sources */ = {isa = PBXBuildFile; fileRef = A003 /* Segment.swift */; };
		A104 /* FFmpegRunner.swift in Sources */ = {isa = PBXBuildFile; fileRef = A004 /* FFmpegRunner.swift */; };
		A105 /* HolovakViewModel.swift in Sources */ = {isa = PBXBuildFile; fileRef = A005 /* HolovakViewModel.swift */; };
		A106 /* SegmentRow.swift in Sources */ = {isa = PBXBuildFile; fileRef = A006 /* SegmentRow.swift */; };
		A107 /* Assets.xcassets in Resources */ = {isa = PBXBuildFile; fileRef = A007 /* Assets.xcassets */; };
		A109 /* Settings.swift in Sources */ = {isa = PBXBuildFile; fileRef = A009 /* Settings.swift */; };
		A110 /* PreviewPlayer.swift in Sources */ = {isa = PBXBuildFile; fileRef = A010 /* PreviewPlayer.swift */; };
		A111 /* PreviewWindow.swift in Sources */ = {isa = PBXBuildFile; fileRef = A011 /* PreviewWindow.swift */; };
		A112 /* AboutView.swift in Sources */ = {isa = PBXBuildFile; fileRef = A012 /* AboutView.swift */; };
		A201 /* HolovakTests.swift in Sources */ = {isa = PBXBuildFile; fileRef = A201R /* HolovakTests.swift */; };
		A301 /* HolovakUITests.swift in Sources */ = {isa = PBXBuildFile; fileRef = A301R /* HolovakUITests.swift */; };
/* End PBXBuildFile section */

/* Begin PBXFileReference section */
		A000 /* Holovak.app */ = {isa = PBXFileReference; explicitFileType = wrapper.application; includeInIndex = 0; path = Holovak.app; sourceTree = BUILT_PRODUCTS_DIR; };
		A001 /* HolovakApp.swift */ = {isa = PBXFileReference; lastKnownFileType = sourcecode.swift; path = HolovakApp.swift; sourceTree = "<group>"; };
		A002 /* ContentView.swift */ = {isa = PBXFileReference; lastKnownFileType = sourcecode.swift; path = ContentView.swift; sourceTree = "<group>"; };
		A003 /* Segment.swift */ = {isa = PBXFileReference; lastKnownFileType = sourcecode.swift; path = Segment.swift; sourceTree = "<group>"; };
		A004 /* FFmpegRunner.swift */ = {isa = PBXFileReference; lastKnownFileType = sourcecode.swift; path = FFmpegRunner.swift; sourceTree = "<group>"; };
		A005 /* HolovakViewModel.swift */ = {isa = PBXFileReference; lastKnownFileType = sourcecode.swift; path = HolovakViewModel.swift; sourceTree = "<group>"; };
		A006 /* SegmentRow.swift */ = {isa = PBXFileReference; lastKnownFileType = sourcecode.swift; path = SegmentRow.swift; sourceTree = "<group>"; };
		A009 /* Settings.swift */ = {isa = PBXFileReference; lastKnownFileType = sourcecode.swift; path = Settings.swift; sourceTree = "<group>"; };
		A010 /* PreviewPlayer.swift */ = {isa = PBXFileReference; lastKnownFileType = sourcecode.swift; path = PreviewPlayer.swift; sourceTree = "<group>"; };
		A011 /* PreviewWindow.swift */ = {isa = PBXFileReference; lastKnownFileType = sourcecode.swift; path = PreviewWindow.swift; sourceTree = "<group>"; };
		A012 /* AboutView.swift */ = {isa = PBXFileReference; lastKnownFileType = sourcecode.swift; path = AboutView.swift; sourceTree = "<group>"; };
		A007 /* Assets.xcassets */ = {isa = PBXFileReference; lastKnownFileType = folder.assetcatalog; path = Assets.xcassets; sourceTree = "<group>"; };
		A008 /* Info.plist */ = {isa = PBXFileReference; lastKnownFileType = text.plist.xml; path = Info.plist; sourceTree = "<group>"; };
		A200 /* HolovakTests.xctest */ = {isa = PBXFileReference; explicitFileType = wrapper.cfbundle; includeInIndex = 0; path = HolovakTests.xctest; sourceTree = BUILT_PRODUCTS_DIR; };
		A201R /* HolovakTests.swift */ = {isa = PBXFileReference; lastKnownFileType = sourcecode.swift; path = HolovakTests.swift; sourceTree = "<group>"; };
		A300 /* HolovakUITests.xctest */ = {isa = PBXFileReference; explicitFileType = wrapper.cfbundle; includeInIndex = 0; path = HolovakUITests.xctest; sourceTree = BUILT_PRODUCTS_DIR; };
		A301R /* HolovakUITests.swift */ = {isa = PBXFileReference; lastKnownFileType = sourcecode.swift; path = HolovakUITests.swift; sourceTree = "<group>"; };
/* End PBXFileReference section */

/* Begin PBXFrameworksBuildPhase section */
		B001 /* Frameworks */ = {
			isa = PBXFrameworksBuildPhase;
			buildActionMask = 2147483647;
			files = ();
			runOnlyForDeploymentPostprocessing = 0;
		};
		B002 /* Frameworks */ = {
			isa = PBXFrameworksBuildPhase;
			buildActionMask = 2147483647;
			files = ();
			runOnlyForDeploymentPostprocessing = 0;
		};
		B003 /* Frameworks */ = {
			isa = PBXFrameworksBuildPhase;
			buildActionMask = 2147483647;
			files = ();
			runOnlyForDeploymentPostprocessing = 0;
		};
/* End PBXFrameworksBuildPhase section */

/* Begin PBXGroup section */
		C000 /* root */ = {
			isa = PBXGroup;
			children = (
				C001 /* Holovak */,
				C002 /* HolovakTests */,
				C003 /* HolovakUITests */,
				C004 /* Products */,
			);
			sourceTree = "<group>";
		};
		C001 /* Holovak */ = {
			isa = PBXGroup;
			children = (
				A001 /* HolovakApp.swift */,
				A002 /* ContentView.swift */,
				A003 /* Segment.swift */,
				A004 /* FFmpegRunner.swift */,
				A005 /* HolovakViewModel.swift */,
				A006 /* SegmentRow.swift */,
				A009 /* Settings.swift */,
				A010 /* PreviewPlayer.swift */,
				A011 /* PreviewWindow.swift */,
				A012 /* AboutView.swift */,
				A007 /* Assets.xcassets */,
				A008 /* Info.plist */,
			);
			path = Holovak;
			sourceTree = "<group>";
		};
		C002 /* HolovakTests */ = {
			isa = PBXGroup;
			children = (
				A201R /* HolovakTests.swift */,
			);
			path = HolovakTests;
			sourceTree = "<group>";
		};
		C003 /* HolovakUITests */ = {
			isa = PBXGroup;
			children = (
				A301R /* HolovakUITests.swift */,
			);
			path = HolovakUITests;
			sourceTree = "<group>";
		};
		C004 /* Products */ = {
			isa = PBXGroup;
			children = (
				A000 /* Holovak.app */,
				A200 /* HolovakTests.xctest */,
				A300 /* HolovakUITests.xctest */,
			);
			name = Products;
			sourceTree = "<group>";
		};
/* End PBXGroup section */

/* Begin PBXNativeTarget section */
		T001 /* Holovak */ = {
			isa = PBXNativeTarget;
			buildConfigurationList = XC01 /* Build configuration list for PBXNativeTarget "Holovak" */;
			buildPhases = (
				P001 /* Sources */,
				B001 /* Frameworks */,
				P003 /* Resources */,
			);
			buildRules = ();
			dependencies = ();
			name = Holovak;
			productName = Holovak;
			productReference = A000 /* Holovak.app */;
			productType = "com.apple.product-type.application";
		};
		T002 /* HolovakTests */ = {
			isa = PBXNativeTarget;
			buildConfigurationList = XC02 /* Build configuration list for PBXNativeTarget "HolovakTests" */;
			buildPhases = (
				P002 /* Sources */,
				B002 /* Frameworks */,
			);
			buildRules = ();
			dependencies = (
				DEP01 /* PBXTargetDependency */,
			);
			name = HolovakTests;
			productName = HolovakTests;
			productReference = A200 /* HolovakTests.xctest */;
			productType = "com.apple.product-type.bundle.unit-test";
		};
		T003 /* HolovakUITests */ = {
			isa = PBXNativeTarget;
			buildConfigurationList = XC03 /* Build configuration list for PBXNativeTarget "HolovakUITests" */;
			buildPhases = (
				P004 /* Sources */,
				B003 /* Frameworks */,
			);
			buildRules = ();
			dependencies = (
				DEP02 /* PBXTargetDependency */,
			);
			name = HolovakUITests;
			productName = HolovakUITests;
			productReference = A300 /* HolovakUITests.xctest */;
			productType = "com.apple.product-type.bundle.ui-testing";
		};
/* End PBXNativeTarget section */

/* Begin PBXProject section */
		PROJ /* Project object */ = {
			isa = PBXProject;
			attributes = {
				BuildIndependentTargetsInParallel = 1;
				LastSwiftUpdateCheck = 1500;
				LastUpgradeCheck = 1500;
				TargetAttributes = {
					T001 = {
						CreatedOnToolsVersion = 15.0;
					};
					T002 = {
						CreatedOnToolsVersion = 15.0;
						TestTargetID = T001;
					};
					T003 = {
						CreatedOnToolsVersion = 15.0;
						TestTargetID = T001;
					};
				};
			};
			buildConfigurationList = XC00 /* Build configuration list for PBXProject "Holovak" */;
			compatibilityVersion = "Xcode 14.0";
			developmentRegion = en;
			hasScannedForEncodings = 0;
			knownRegions = (
				en,
				Base,
			);
			mainGroup = C000;
			productRefGroup = C004 /* Products */;
			projectDirPath = "";
			projectRoot = "";
			targets = (
				T001 /* Holovak */,
				T002 /* HolovakTests */,
				T003 /* HolovakUITests */,
			);
		};
/* End PBXProject section */

/* Begin PBXResourcesBuildPhase section */
		P003 /* Resources */ = {
			isa = PBXResourcesBuildPhase;
			buildActionMask = 2147483647;
			files = (
				A107 /* Assets.xcassets in Resources */,
			);
			runOnlyForDeploymentPostprocessing = 0;
		};
/* End PBXResourcesBuildPhase section */

/* Begin PBXSourcesBuildPhase section */
		P001 /* Sources */ = {
			isa = PBXSourcesBuildPhase;
			buildActionMask = 2147483647;
			files = (
				A101 /* HolovakApp.swift in Sources */,
				A102 /* ContentView.swift in Sources */,
				A103 /* Segment.swift in Sources */,
				A104 /* FFmpegRunner.swift in Sources */,
				A105 /* HolovakViewModel.swift in Sources */,
				A106 /* SegmentRow.swift in Sources */,
				A109 /* Settings.swift in Sources */,
				A110 /* PreviewPlayer.swift in Sources */,
				A111 /* PreviewWindow.swift in Sources */,
				A112 /* AboutView.swift in Sources */,
			);
			runOnlyForDeploymentPostprocessing = 0;
		};
		P002 /* Sources */ = {
			isa = PBXSourcesBuildPhase;
			buildActionMask = 2147483647;
			files = (
				A201 /* HolovakTests.swift in Sources */,
			);
			runOnlyForDeploymentPostprocessing = 0;
		};
		P004 /* Sources */ = {
			isa = PBXSourcesBuildPhase;
			buildActionMask = 2147483647;
			files = (
				A301 /* HolovakUITests.swift in Sources */,
			);
			runOnlyForDeploymentPostprocessing = 0;
		};
/* End PBXSourcesBuildPhase section */

/* Begin PBXTargetDependency section */
		DEP01 = {
			isa = PBXTargetDependency;
			target = T001 /* Holovak */;
		};
		DEP02 = {
			isa = PBXTargetDependency;
			target = T001 /* Holovak */;
		};
/* End PBXTargetDependency section */

/* Begin XCBuildConfiguration section */
		BC00D /* Debug */ = {
			isa = XCBuildConfiguration;
			buildSettings = {
				ALWAYS_SEARCH_USER_PATHS = NO;
				ASSETCATALOG_COMPILER_GENERATE_SWIFT_ASSET_SYMBOL_EXTENSIONS = YES;
				CLANG_ANALYZER_NONNULL = YES;
				CLANG_ANALYZER_NUMBER_OBJECT_CONVERSION = YES_AGGRESSIVE;
				CLANG_CXX_LANGUAGE_STANDARD = "gnu++20";
				CLANG_ENABLE_MODULES = YES;
				CLANG_ENABLE_OBJC_ARC = YES;
				CLANG_ENABLE_OBJC_WEAK = YES;
				CLANG_WARN_BLOCK_CAPTURE_AUTORELEASING = YES;
				CLANG_WARN_BOOL_CONVERSION = YES;
				CLANG_WARN_COMMA = YES;
				CLANG_WARN_CONSTANT_CONVERSION = YES;
				CLANG_WARN_DEPRECATED_OBJC_IMPLEMENTATIONS = YES;
				CLANG_WARN_DIRECT_OBJC_ISA_USAGE = YES_ERROR;
				CLANG_WARN_DOCUMENTATION_COMMENTS = YES;
				CLANG_WARN_EMPTY_BODY = YES;
				CLANG_WARN_ENUM_CONVERSION = YES;
				CLANG_WARN_INFINITE_RECURSION = YES;
				CLANG_WARN_INT_CONVERSION = YES;
				CLANG_WARN_NON_LITERAL_NULL_CONVERSION = YES;
				CLANG_WARN_OBJC_IMPLICIT_RETAIN_SELF = YES;
				CLANG_WARN_OBJC_LITERAL_CONVERSION = YES;
				CLANG_WARN_OBJC_ROOT_CLASS = YES_ERROR;
				CLANG_WARN_QUOTED_INCLUDE_IN_FRAMEWORK_HEADER = YES;
				CLANG_WARN_RANGE_LOOP_ANALYSIS = YES;
				CLANG_WARN_STRICT_PROTOTYPES = YES;
				CLANG_WARN_SUSPICIOUS_MOVE = YES;
				CLANG_WARN_UNGUARDED_AVAILABILITY = YES_AGGRESSIVE;
				CLANG_WARN_UNREACHABLE_CODE = YES;
				CLANG_WARN__DUPLICATE_METHOD_MATCH = YES;
				COPY_PHASE_STRIP = NO;
				DEBUG_INFORMATION_FORMAT = dwarf;
				ENABLE_STRICT_OBJC_MSGSEND = YES;
				ENABLE_TESTABILITY = YES;
				ENABLE_USER_SCRIPT_SANDBOXING = YES;
				GCC_C_LANGUAGE_STANDARD = gnu17;
				GCC_DYNAMIC_NO_PIC = NO;
				GCC_NO_COMMON_BLOCKS = YES;
				GCC_OPTIMIZATION_LEVEL = 0;
				GCC_PREPROCESSOR_DEFINITIONS = (
					"DEBUG=1",
					"$(inherited)",
				);
				GCC_WARN_64_TO_32_BIT_CONVERSION = YES;
				GCC_WARN_ABOUT_RETURN_TYPE = YES_ERROR;
				GCC_WARN_UNDECLARED_SELECTOR = YES;
				GCC_WARN_UNINITIALIZED_AUTOS = YES_AGGRESSIVE;
				GCC_WARN_UNUSED_FUNCTION = YES;
				GCC_WARN_UNUSED_VARIABLE = YES;
				LOCALIZATION_PREFERS_STRING_CATALOGS = YES;
				MACOSX_DEPLOYMENT_TARGET = 13.1;
				MTL_ENABLE_DEBUG_INFO = INCLUDE_SOURCE;
				MTL_FAST_MATH = YES;
				ONLY_ACTIVE_ARCH = YES;
				SDKROOT = macosx;
				SWIFT_ACTIVE_COMPILATION_CONDITIONS = "DEBUG $(inherited)";
				SWIFT_OPTIMIZATION_LEVEL = "-Onone";
			};
			name = Debug;
		};
		BC00R /* Release */ = {
			isa = XCBuildConfiguration;
			buildSettings = {
				ALWAYS_SEARCH_USER_PATHS = NO;
				ASSETCATALOG_COMPILER_GENERATE_SWIFT_ASSET_SYMBOL_EXTENSIONS = YES;
				CLANG_ANALYZER_NONNULL = YES;
				CLANG_ANALYZER_NUMBER_OBJECT_CONVERSION = YES_AGGRESSIVE;
				CLANG_CXX_LANGUAGE_STANDARD = "gnu++20";
				CLANG_ENABLE_MODULES = YES;
				CLANG_ENABLE_OBJC_ARC = YES;
				CLANG_ENABLE_OBJC_WEAK = YES;
				CLANG_WARN_BLOCK_CAPTURE_AUTORELEASING = YES;
				CLANG_WARN_BOOL_CONVERSION = YES;
				CLANG_WARN_COMMA = YES;
				CLANG_WARN_CONSTANT_CONVERSION = YES;
				CLANG_WARN_DEPRECATED_OBJC_IMPLEMENTATIONS = YES;
				CLANG_WARN_DIRECT_OBJC_ISA_USAGE = YES_ERROR;
				CLANG_WARN_DOCUMENTATION_COMMENTS = YES;
				CLANG_WARN_EMPTY_BODY = YES;
				CLANG_WARN_ENUM_CONVERSION = YES;
				CLANG_WARN_INFINITE_RECURSION = YES;
				CLANG_WARN_INT_CONVERSION = YES;
				CLANG_WARN_NON_LITERAL_NULL_CONVERSION = YES;
				CLANG_WARN_OBJC_IMPLICIT_RETAIN_SELF = YES;
				CLANG_WARN_OBJC_LITERAL_CONVERSION = YES;
				CLANG_WARN_OBJC_ROOT_CLASS = YES_ERROR;
				CLANG_WARN_QUOTED_INCLUDE_IN_FRAMEWORK_HEADER = YES;
				CLANG_WARN_RANGE_LOOP_ANALYSIS = YES;
				CLANG_WARN_STRICT_PROTOTYPES = YES;
				CLANG_WARN_SUSPICIOUS_MOVE = YES;
				CLANG_WARN_UNGUARDED_AVAILABILITY = YES_AGGRESSIVE;
				CLANG_WARN_UNREACHABLE_CODE = YES;
				CLANG_WARN__DUPLICATE_METHOD_MATCH = YES;
				COPY_PHASE_STRIP = NO;
				DEBUG_INFORMATION_FORMAT = "dwarf-with-dsym";
				ENABLE_NS_ASSERTIONS = NO;
				ENABLE_STRICT_OBJC_MSGSEND = YES;
				ENABLE_USER_SCRIPT_SANDBOXING = YES;
				GCC_C_LANGUAGE_STANDARD = gnu17;
				GCC_NO_COMMON_BLOCKS = YES;
				GCC_WARN_64_TO_32_BIT_CONVERSION = YES;
				GCC_WARN_ABOUT_RETURN_TYPE = YES_ERROR;
				GCC_WARN_UNDECLARED_SELECTOR = YES;
				GCC_WARN_UNINITIALIZED_AUTOS = YES_AGGRESSIVE;
				GCC_WARN_UNUSED_FUNCTION = YES;
				GCC_WARN_UNUSED_VARIABLE = YES;
				LOCALIZATION_PREFERS_STRING_CATALOGS = YES;
				MACOSX_DEPLOYMENT_TARGET = 13.1;
				MTL_FAST_MATH = YES;
				SDKROOT = macosx;
				SWIFT_COMPILATION_MODE = wholemodule;
			};
			name = Release;
		};
		BC01D /* Debug */ = {
			isa = XCBuildConfiguration;
			buildSettings = {
				ASSETCATALOG_COMPILER_APPICON_NAME = AppIcon;
				ASSETCATALOG_COMPILER_GLOBAL_ACCENT_COLOR_NAME = AccentColor;
				CODE_SIGN_ENTITLEMENTS = "";
				CODE_SIGN_STYLE = Automatic;
				COMBINE_HIDPI_IMAGES = YES;
				CURRENT_PROJECT_VERSION = 1;
				DEVELOPMENT_TEAM = "";
				ENABLE_HARDENED_RUNTIME = YES;
				GENERATE_INFOPLIST_FILE = NO;
				INFOPLIST_FILE = Holovak/Info.plist;
				LD_RUNPATH_SEARCH_PATHS = (
					"$(inherited)",
					"@executable_path/../Frameworks",
				);
				MACOSX_DEPLOYMENT_TARGET = 13.1;
				MARKETING_VERSION = 0.1.0;
				PRODUCT_BUNDLE_IDENTIFIER = com.barseghyanartur.Holovak;
				PRODUCT_NAME = "$(TARGET_NAME)";
				SWIFT_EMIT_LOC_STRINGS = YES;
				SWIFT_VERSION = 5.0;
			};
			name = Debug;
		};
		BC01R /* Release */ = {
			isa = XCBuildConfiguration;
			buildSettings = {
				ASSETCATALOG_COMPILER_APPICON_NAME = AppIcon;
				ASSETCATALOG_COMPILER_GLOBAL_ACCENT_COLOR_NAME = AccentColor;
				CODE_SIGN_ENTITLEMENTS = "";
				CODE_SIGN_STYLE = Automatic;
				COMBINE_HIDPI_IMAGES = YES;
				CURRENT_PROJECT_VERSION = 1;
				DEVELOPMENT_TEAM = "";
				ENABLE_HARDENED_RUNTIME = YES;
				GENERATE_INFOPLIST_FILE = NO;
				INFOPLIST_FILE = Holovak/Info.plist;
				LD_RUNPATH_SEARCH_PATHS = (
					"$(inherited)",
					"@executable_path/../Frameworks",
				);
				MACOSX_DEPLOYMENT_TARGET = 13.1;
				MARKETING_VERSION = 0.1.0;
				PRODUCT_BUNDLE_IDENTIFIER = com.barseghyanartur.Holovak;
				PRODUCT_NAME = "$(TARGET_NAME)";
				SWIFT_EMIT_LOC_STRINGS = YES;
				SWIFT_VERSION = 5.0;
			};
			name = Release;
		};
		BC02D /* Debug */ = {
			isa = XCBuildConfiguration;
			buildSettings = {
				BUNDLE_LOADER = "$(TEST_HOST)";
				CODE_SIGN_STYLE = Automatic;
				CURRENT_PROJECT_VERSION = 1;
				GENERATE_INFOPLIST_FILE = YES;
				MACOSX_DEPLOYMENT_TARGET = 13.1;
				MARKETING_VERSION = 0.1.0;
				PRODUCT_BUNDLE_IDENTIFIER = com.barseghyanartur.HolovakTests;
				PRODUCT_NAME = "$(TARGET_NAME)";
				SWIFT_EMIT_LOC_STRINGS = NO;
				SWIFT_VERSION = 5.0;
				TEST_HOST = "$(BUILT_PRODUCTS_DIR)/Holovak.app/Contents/MacOS/Holovak";
			};
			name = Debug;
		};
		BC02R /* Release */ = {
			isa = XCBuildConfiguration;
			buildSettings = {
				BUNDLE_LOADER = "$(TEST_HOST)";
				CODE_SIGN_STYLE = Automatic;
				CURRENT_PROJECT_VERSION = 1;
				GENERATE_INFOPLIST_FILE = YES;
				MACOSX_DEPLOYMENT_TARGET = 13.1;
				MARKETING_VERSION = 0.1.0;
				PRODUCT_BUNDLE_IDENTIFIER = com.barseghyanartur.HolovakTests;
				PRODUCT_NAME = "$(TARGET_NAME)";
				SWIFT_EMIT_LOC_STRINGS = NO;
				SWIFT_VERSION = 5.0;
				TEST_HOST = "$(BUILT_PRODUCTS_DIR)/Holovak.app/Contents/MacOS/Holovak";
			};
			name = Release;
		};
		BC03D /* Debug */ = {
			isa = XCBuildConfiguration;
			buildSettings = {
				CODE_SIGN_STYLE = Automatic;
				CURRENT_PROJECT_VERSION = 1;
				GENERATE_INFOPLIST_FILE = YES;
				MACOSX_DEPLOYMENT_TARGET = 13.1;
				MARKETING_VERSION = 0.1.0;
				PRODUCT_BUNDLE_IDENTIFIER = com.barseghyanartur.HolovakUITests;
				PRODUCT_NAME = "$(TARGET_NAME)";
				SWIFT_EMIT_LOC_STRINGS = NO;
				SWIFT_VERSION = 5.0;
				TEST_TARGET_NAME = Holovak;
			};
			name = Debug;
		};
		BC03R /* Release */ = {
			isa = XCBuildConfiguration;
			buildSettings = {
				CODE_SIGN_STYLE = Automatic;
				CURRENT_PROJECT_VERSION = 1;
				GENERATE_INFOPLIST_FILE = YES;
				MACOSX_DEPLOYMENT_TARGET = 13.1;
				MARKETING_VERSION = 0.1.0;
				PRODUCT_BUNDLE_IDENTIFIER = com.barseghyanartur.HolovakUITests;
				PRODUCT_NAME = "$(TARGET_NAME)";
				SWIFT_EMIT_LOC_STRINGS = NO;
				SWIFT_VERSION = 5.0;
				TEST_TARGET_NAME = Holovak;
			};
			name = Release;
		};
/* End XCBuildConfiguration section */

/* Begin XCConfigurationList section */
		XC00 /* Build configuration list for PBXProject "Holovak" */ = {
			isa = XCConfigurationList;
			buildConfigurations = (
				BC00D /* Debug */,
				BC00R /* Release */,
			);
			defaultConfigurationIsVisible = 0;
			defaultConfigurationName = Release;
		};
		XC01 /* Build configuration list for PBXNativeTarget "Holovak" */ = {
			isa = XCConfigurationList;
			buildConfigurations = (
				BC01D /* Debug */,
				BC01R /* Release */,
			);
			defaultConfigurationIsVisible = 0;
			defaultConfigurationName = Release;
		};
		XC02 /* Build configuration list for PBXNativeTarget "HolovakTests" */ = {
			isa = XCConfigurationList;
			buildConfigurations = (
				BC02D /* Debug */,
				BC02R /* Release */,
			);
			defaultConfigurationIsVisible = 0;
			defaultConfigurationName = Release;
		};
		XC03 /* Build configuration list for PBXNativeTarget "HolovakUITests" */ = {
			isa = XCConfigurationList;
			buildConfigurations = (
				BC03D /* Debug */,
				BC03R /* Release */,
			);
			defaultConfigurationIsVisible = 0;
			defaultConfigurationName = Release;
		};
/* End XCConfigurationList section */

	};
	rootObject = PROJ /* Project object */;
}
